// !$*UTF8*$!
{
	archiveVersion = 1;
	classes = {
	};
	objectVersion = 77;
	objects = {

/* Begin PBXBuildFile section */
		98C68DF42D93F2C7002C781A /* SwiftUIX in Frameworks */ = {isa = PBXBuildFile; productRef = 98C68DF32D93F2C7002C781A /* SwiftUIX */; };
/* End PBXBuildFile section */

/* Begin PBXContainerItemProxy section */
		9880DCD42D7F619B00386C56 /* PBXContainerItemProxy */ = {
			isa = PBXContainerItemProxy;
			containerPortal = 9880DCBB2D7F619900386C56 /* Project object */;
			proxyType = 1;
			remoteGlobalIDString = 9880DCC22D7F619900386C56;
			remoteInfo = Instapp;
		};
		9880DCDE2D7F619B00386C56 /* PBXContainerItemProxy */ = {
			isa = PBXContainerItemProxy;
			containerPortal = 9880DCBB2D7F619900386C56 /* Project object */;
			proxyType = 1;
			remoteGlobalIDString = 9880DCC22D7F619900386C56;
			remoteInfo = Instapp;
		};
/* End PBXContainerItemProxy section */

/* Begin PBXFileReference section */
		9880DCC32D7F619900386C56 /* Instapp.app */ = {isa = PBXFileReference; explicitFileType = wrapper.application; includeInIndex = 0; path = Instapp.app; sourceTree = BUILT_PRODUCTS_DIR; };
		9880DCD32D7F619B00386C56 /* InstappTests.xctest */ = {isa = PBXFileReference; explicitFileType = wrapper.cfbundle; includeInIndex = 0; path = InstappTests.xctest; sourceTree = BUILT_PRODUCTS_DIR; };
		9880DCDD2D7F619B00386C56 /* InstappUITests.xctest */ = {isa = PBXFileReference; explicitFileType = wrapper.cfbundle; includeInIndex = 0; path = InstappUITests.xctest; sourceTree = BUILT_PRODUCTS_DIR; };
/* End PBXFileReference section */

/* Begin PBXFileSystemSynchronizedRootGroup section */
		9880DCC52D7F619900386C56 /* Instapp */ = {
			isa = PBXFileSystemSynchronizedRootGroup;
			path = Instapp;
			sourceTree = "<group>";
		};
		9880DCD62D7F619B00386C56 /* InstappTests */ = {
			isa = PBXFileSystemSynchronizedRootGroup;
			path = InstappTests;
			sourceTree = "<group>";
		};
		9880DCE02D7F619B00386C56 /* InstappUITests */ = {
			isa = PBXFileSystemSynchronizedRootGroup;
			path = InstappUITests;
			sourceTree = "<group>";
		};
/* End PBXFileSystemSynchronizedRootGroup section */

/* Begin PBXFrameworksBuildPhase section */
		9880DCC02D7F619900386C56 /* Frameworks */ = {
			isa = PBXFrameworksBuildPhase;
			buildActionMask = 2147483647;
			files = (
				98C68DF42D93F2C7002C781A /* SwiftUIX in Frameworks */,
			);
			runOnlyForDeploymentPostprocessing = 0;
		};
		9880DCD02D7F619B00386C56 /* Frameworks */ = {
			isa = PBXFrameworksBuildPhase;
			buildActionMask = 2147483647;
			files = (
			);
			runOnlyForDeploymentPostprocessing = 0;
		};
		9880DCDA2D7F619B00386C56 /* Frameworks */ = {
			isa = PBXFrameworksBuildPhase;
			buildActionMask = 2147483647;
			files = (
			);
			runOnlyForDeploymentPostprocessing = 0;
		};
/* End PBXFrameworksBuildPhase section */

/* Begin PBXGroup section */
		9880DCBA2D7F619900386C56 = {
			isa = PBXGroup;
			children = (
				9880DCC52D7F619900386C56 /* Instapp */,
				9880DCD62D7F619B00386C56 /* InstappTests */,
				9880DCE02D7F619B00386C56 /* InstappUITests */,
				9880DCC42D7F619900386C56 /* Products */,
			);
			sourceTree = "<group>";
		};
		9880DCC42D7F619900386C56 /* Products */ = {
			isa = PBXGroup;
			children = (
				9880DCC32D7F619900386C56 /* Instapp.app */,
				9880DCD32D7F619B00386C56 /* InstappTests.xctest */,
				9880DCDD2D7F619B00386C56 /* InstappUITests.xctest */,
			);
			name = Products;
			sourceTree = "<group>";
		};
/* End PBXGroup section */

/* Begin PBXNativeTarget section */
		9880DCC22D7F619900386C56 /* Instapp */ = {
			isa = PBXNativeTarget;
			buildConfigurationList = 9880DCE72D7F619B00386C56 /* Build configuration list for PBXNativeTarget "Instapp" */;
			buildPhases = (
				9880DCBF2D7F619900386C56 /* Sources */,
				9880DCC02D7F619900386C56 /* Frameworks */,
				9880DCC12D7F619900386C56 /* Resources */,
			);
			buildRules = (
			);
			dependencies = (
			);
			fileSystemSynchronizedGroups = (
				9880DCC52D7F619900386C56 /* Instapp */,
			);
			name = Instapp;
			packageProductDependencies = (
				98C68DF32D93F2C7002C781A /* SwiftUIX */,
			);
			productName = Instapp;
			productReference = 9880DCC32D7F619900386C56 /* Instapp.app */;
			productType = "com.apple.product-type.application";
		};
		9880DCD22D7F619B00386C56 /* InstappTests */ = {
			isa = PBXNativeTarget;
			buildConfigurationList = 9880DCEA2D7F619B00386C56 /* Build configuration list for PBXNativeTarget "InstappTests" */;
			buildPhases = (
				9880DCCF2D7F619B00386C56 /* Sources */,
				9880DCD02D7F619B00386C56 /* Frameworks */,
				9880DCD12D7F619B00386C56 /* Resources */,
			);
			buildRules = (
			);
			dependencies = (
				9880DCD52D7F619B00386C56 /* PBXTargetDependency */,
			);
			fileSystemSynchronizedGroups = (
				9880DCD62D7F619B00386C56 /* InstappTests */,
			);
			name = InstappTests;
			packageProductDependencies = (
			);
			productName = InstappTests;
			productReference = 9880DCD32D7F619B00386C56 /* InstappTests.xctest */;
			productType = "com.apple.product-type.bundle.unit-test";
		};
		9880DCDC2D7F619B00386C56 /* InstappUITests */ = {
			isa = PBXNativeTarget;
			buildConfigurationList = 9880DCED2D7F619B00386C56 /* Build configuration list for PBXNativeTarget "InstappUITests" */;
			buildPhases = (
				9880DCD92D7F619B00386C56 /* Sources */,
				9880DCDA2D7F619B00386C56 /* Frameworks */,
				9880DCDB2D7F619B00386C56 /* Resources */,
			);
			buildRules = (
			);
			dependencies = (
				9880DCDF2D7F619B00386C56 /* PBXTargetDependency */,
			);
			fileSystemSynchronizedGroups = (
				9880DCE02D7F619B00386C56 /* InstappUITests */,
			);
			name = InstappUITests;
			packageProductDependencies = (
			);
			productName = InstappUITests;
			productReference = 9880DCDD2D7F619B00386C56 /* InstappUITests.xctest */;
			productType = "com.apple.product-type.bundle.ui-testing";
		};
/* End PBXNativeTarget section */

/* Begin PBXProject section */
		9880DCBB2D7F619900386C56 /* Project object */ = {
			isa = PBXProject;
			attributes = {
				BuildIndependentTargetsInParallel = 1;
				LastSwiftUpdateCheck = 1620;
				LastUpgradeCheck = 1620;
				TargetAttributes = {
					9880DCC22D7F619900386C56 = {
						CreatedOnToolsVersion = 16.2;
					};
					9880DCD22D7F619B00386C56 = {
						CreatedOnToolsVersion = 16.2;
						TestTargetID = 9880DCC22D7F619900386C56;
					};
					9880DCDC2D7F619B00386C56 = {
						CreatedOnToolsVersion = 16.2;
						TestTargetID = 9880DCC22D7F619900386C56;
					};
				};
			};
			buildConfigurationList = 9880DCBE2D7F619900386C56 /* Build configuration list for PBXProject "Instapp" */;
			developmentRegion = en;
			hasScannedForEncodings = 0;
			knownRegions = (
				en,
				Base,
			);
			mainGroup = 9880DCBA2D7F619900386C56;
			minimizedProjectReferenceProxies = 1;
			packageReferences = (
				98C68DF22D93F2C7002C781A /* XCRemoteSwiftPackageReference "SwiftUIX" */,
			);
			preferredProjectObjectVersion = 77;
			productRefGroup = 9880DCC42D7F619900386C56 /* Products */;
			projectDirPath = "";
			projectRoot = "";
			targets = (
				9880DCC22D7F619900386C56 /* Instapp */,
				9880DCD22D7F619B00386C56 /* InstappTests */,
				9880DCDC2D7F619B00386C56 /* InstappUITests */,
			);
		};
/* End PBXProject section */

/* Begin PBXResourcesBuildPhase section */
		9880DCC12D7F619900386C56 /* Resources */ = {
			isa = PBXResourcesBuildPhase;
			buildActionMask = 2147483647;
			files = (
			);
			runOnlyForDeploymentPostprocessing = 0;
		};
		9880DCD12D7F619B00386C56 /* Resources */ = {
			isa = PBXResourcesBuildPhase;
			buildActionMask = 2147483647;
			files = (
			);
			runOnlyForDeploymentPostprocessing = 0;
		};
		9880DCDB2D7F619B00386C56 /* Resources */ = {
			isa = PBXResourcesBuildPhase;
			buildActionMask = 2147483647;
			files = (
			);
			runOnlyForDeploymentPostprocessing = 0;
		};
/* End PBXResourcesBuildPhase section */

/* Begin PBXSourcesBuildPhase section */
		9880DCBF2D7F619900386C56 /* Sources */ = {
			isa = PBXSourcesBuildPhase;
			buildActionMask = 2147483647;
			files = (
			);
			runOnlyForDeploymentPostprocessing = 0;
		};
		9880DCCF2D7F619B00386C56 /* Sources */ = {
			isa = PBXSourcesBuildPhase;
			buildActionMask = 2147483647;
			files = (
			);
			runOnlyForDeploymentPostprocessing = 0;
		};
		9880DCD92D7F619B00386C56 /* Sources */ = {
			isa = PBXSourcesBuildPhase;
			buildActionMask = 2147483647;
			files = (
			);
			runOnlyForDeploymentPostprocessing = 0;
		};
/* End PBXSourcesBuildPhase section */

/* Begin PBXTargetDependency section */
		9880DCD52D7F619B00386C56 /* PBXTargetDependency */ = {
			isa = PBXTargetDependency;
			target = 9880DCC22D7F619900386C56 /* Instapp */;
			targetProxy = 9880DCD42D7F619B00386C56 /* PBXContainerItemProxy */;
		};
		9880DCDF2D7F619B00386C56 /* PBXTargetDependency */ = {
			isa = PBXTargetDependency;
			target = 9880DCC22D7F619900386C56 /* Instapp */;
			targetProxy = 9880DCDE2D7F619B00386C56 /* PBXContainerItemProxy */;
		};
/* End PBXTargetDependency section */

/* Begin XCBuildConfiguration section */
		9880DCE52D7F619B00386C56 /* Debug */ = {
			isa = XCBuildConfiguration;
			buildSettings = {
				ALWAYS_SEARCH_USER_PATHS = NO;
				ASSETCATALOG_COMPILER_GENERATE_SWIFT_ASSET_SYMBOL_EXTENSIONS = YES;
				CLANG_ANALYZER_NONNULL = YES;
				CLANG_ANALYZER_NUMBER_OBJECT_CONVERSION = YES_AGGRESSIVE;
				CLANG_CXX_LANGUAGE_STANDARD = "gnu++20";
				CLANG_ENABLE_MODULES = YES;
				CLANG_ENABLE_OBJC_ARC = YES;
				CLANG_ENABLE_OBJC_WEAK = YES;
				CLANG_WARN_BLOCK_CAPTURE_AUTORELEASING = YES;
				CLANG_WARN_BOOL_CONVERSION = YES;
				CLANG_WARN_COMMA = YES;
				CLANG_WARN_CONSTANT_CONVERSION = YES;
				CLANG_WARN_DEPRECATED_OBJC_IMPLEMENTATIONS = YES;
				CLANG_WARN_DIRECT_OBJC_ISA_USAGE = YES_ERROR;
				CLANG_WARN_DOCUMENTATION_COMMENTS = YES;
				CLANG_WARN_EMPTY_BODY = YES;
				CLANG_WARN_ENUM_CONVERSION = YES;
				CLANG_WARN_INFINITE_RECURSION = YES;
				CLANG_WARN_INT_CONVERSION = YES;
				CLANG_WARN_NON_LITERAL_NULL_CONVERSION = YES;
				CLANG_WARN_OBJC_IMPLICIT_RETAIN_SELF = YES;
				CLANG_WARN_OBJC_LITERAL_CONVERSION = YES;
				CLANG_WARN_OBJC_ROOT_CLASS = YES_ERROR;
				CLANG_WARN_QUOTED_INCLUDE_IN_FRAMEWORK_HEADER = YES;
				CLANG_WARN_RANGE_LOOP_ANALYSIS = YES;
				CLANG_WARN_STRICT_PROTOTYPES = YES;
				CLANG_WARN_SUSPICIOUS_MOVE = YES;
				CLANG_WARN_UNGUARDED_AVAILABILITY = YES_AGGRESSIVE;
				CLANG_WARN_UNREACHABLE_CODE = YES;
				CLANG_WARN__DUPLICATE_METHOD_MATCH = YES;
				COPY_PHASE_STRIP = NO;
				DEBUG_INFORMATION_FORMAT = dwarf;
				ENABLE_STRICT_OBJC_MSGSEND = YES;
				ENABLE_TESTABILITY = YES;
				ENABLE_USER_SCRIPT_SANDBOXING = YES;
				GCC_C_LANGUAGE_STANDARD = gnu17;
				GCC_DYNAMIC_NO_PIC = NO;
				GCC_NO_COMMON_BLOCKS = YES;
				GCC_OPTIMIZATION_LEVEL = 0;
				GCC_PREPROCESSOR_DEFINITIONS = (
					"DEBUG=1",
					"$(inherited)",
				);
				GCC_WARN_64_TO_32_BIT_CONVERSION = YES;
				GCC_WARN_ABOUT_RETURN_TYPE = YES_ERROR;
				GCC_WARN_UNDECLARED_SELECTOR = YES;
				GCC_WARN_UNINITIALIZED_AUTOS = YES_AGGRESSIVE;
				GCC_WARN_UNUSED_FUNCTION = YES;
				GCC_WARN_UNUSED_VARIABLE = YES;
				IPHONEOS_DEPLOYMENT_TARGET = 18.2;
				LOCALIZATION_PREFERS_STRING_CATALOGS = YES;
				MTL_ENABLE_DEBUG_INFO = INCLUDE_SOURCE;
				MTL_FAST_MATH = YES;
				ONLY_ACTIVE_ARCH = YES;
				SDKROOT = iphoneos;
				SWIFT_ACTIVE_COMPILATION_CONDITIONS = "DEBUG $(inherited)";
				SWIFT_OPTIMIZATION_LEVEL = "-Onone";
			};
			name = Debug;
		};
		9880DCE62D7F619B00386C56 /* Release */ = {
			isa = XCBuildConfiguration;
			buildSettings = {
				ALWAYS_SEARCH_USER_PATHS = NO;
				ASSETCATALOG_COMPILER_GENERATE_SWIFT_ASSET_SYMBOL_EXTENSIONS = YES;
				CLANG_ANALYZER_NONNULL = YES;
				CLANG_ANALYZER_NUMBER_OBJECT_CONVERSION = YES_AGGRESSIVE;
				CLANG_CXX_LANGUAGE_STANDARD = "gnu++20";
				CLANG_ENABLE_MODULES = YES;
				CLANG_ENABLE_OBJC_ARC = YES;
				CLANG_ENABLE_OBJC_WEAK = YES;
				CLANG_WARN_BLOCK_CAPTURE_AUTORELEASING = YES;
				CLANG_WARN_BOOL_CONVERSION = YES;
				CLANG_WARN_COMMA = YES;
				CLANG_WARN_CONSTANT_CONVERSION = YES;
				CLANG_WARN_DEPRECATED_OBJC_IMPLEMENTATIONS = YES;
				CLANG_WARN_DIRECT_OBJC_ISA_USAGE = YES_ERROR;
				CLANG_WARN_DOCUMENTATION_COMMENTS = YES;
				CLANG_WARN_EMPTY_BODY = YES;
				CLANG_WARN_ENUM_CONVERSION = YES;
				CLANG_WARN_INFINITE_RECURSION = YES;
				CLANG_WARN_INT_CONVERSION = YES;
				CLANG_WARN_NON_LITERAL_NULL_CONVERSION = YES;
				CLANG_WARN_OBJC_IMPLICIT_RETAIN_SELF = YES;
				CLANG_WARN_OBJC_LITERAL_CONVERSION = YES;
				CLANG_WARN_OBJC_ROOT_CLASS = YES_ERROR;
				CLANG_WARN_QUOTED_INCLUDE_IN_FRAMEWORK_HEADER = YES;
				CLANG_WARN_RANGE_LOOP_ANALYSIS = YES;
				CLANG_WARN_STRICT_PROTOTYPES = YES;
				CLANG_WARN_SUSPICIOUS_MOVE = YES;
				CLANG_WARN_UNGUARDED_AVAILABILITY = YES_AGGRESSIVE;
				CLANG_WARN_UNREACHABLE_CODE = YES;
				CLANG_WARN__DUPLICATE_METHOD_MATCH = YES;
				COPY_PHASE_STRIP = NO;
				DEBUG_INFORMATION_FORMAT = "dwarf-with-dsym";
				ENABLE_NS_ASSERTIONS = NO;
				ENABLE_STRICT_OBJC_MSGSEND = YES;
				ENABLE_USER_SCRIPT_SANDBOXING = YES;
				GCC_C_LANGUAGE_STANDARD = gnu17;
				GCC_NO_COMMON_BLOCKS = YES;
				GCC_WARN_64_TO_32_BIT_CONVERSION = YES;
				GCC_WARN_ABOUT_RETURN_TYPE = YES_ERROR;
				GCC_WARN_UNDECLARED_SELECTOR = YES;
				GCC_WARN_UNINITIALIZED_AUTOS = YES_AGGRESSIVE;
				GCC_WARN_UNUSED_FUNCTION = YES;
				GCC_WARN_UNUSED_VARIABLE = YES;
				IPHONEOS_DEPLOYMENT_TARGET = 18.2;
				LOCALIZATION_PREFERS_STRING_CATALOGS = YES;
				MTL_ENABLE_DEBUG_INFO = NO;
				MTL_FAST_MATH = YES;
				SDKROOT = iphoneos;
				SWIFT_COMPILATION_MODE = wholemodule;
				VALIDATE_PRODUCT = YES;
			};
			name = Release;
		};
		9880DCE82D7F619B00386C56 /* Debug */ = {
			isa = XCBuildConfiguration;
			buildSettings = {
				ASSETCATALOG_COMPILER_APPICON_NAME = AppIcon;
				ASSETCATALOG_COMPILER_GLOBAL_ACCENT_COLOR_NAME = AccentColor;
				CODE_SIGN_STYLE = Automatic;
				CURRENT_PROJECT_VERSION = 1;
				DEVELOPMENT_ASSET_PATHS = "\"Instapp/Preview Content\"";
				DEVELOPMENT_TEAM = KB835FKYB4;
				ENABLE_PREVIEWS = YES;
				GENERATE_INFOPLIST_FILE = YES;
				INFOPLIST_KEY_UIApplicationSceneManifest_Generation = YES;
				INFOPLIST_KEY_UIApplicationSupportsIndirectInputEvents = YES;
				INFOPLIST_KEY_UILaunchScreen_Generation = YES;
				INFOPLIST_KEY_UISupportedInterfaceOrientations_iPad = "UIInterfaceOrientationPortrait UIInterfaceOrientationPortraitUpsideDown UIInterfaceOrientationLandscapeLeft UIInterfaceOrientationLandscapeRight";
				INFOPLIST_KEY_UISupportedInterfaceOrientations_iPhone = "UIInterfaceOrientationPortrait UIInterfaceOrientationLandscapeLeft UIInterfaceOrientationLandscapeRight";
				LD_RUNPATH_SEARCH_PATHS = (
					"$(inherited)",
					"@executable_path/Frameworks",
				);
				MARKETING_VERSION = 1.0;
				PRODUCT_BUNDLE_IDENTIFIER = com.csaba.turdesan.Instapp;
				PRODUCT_NAME = "$(TARGET_NAME)";
				SWIFT_EMIT_LOC_STRINGS = YES;
				SWIFT_VERSION = 5.0;
				TARGETED_DEVICE_FAMILY = "1,2";
			};
			name = Debug;
		};
		9880DCE92D7F619B00386C56 /* Release */ = {
			isa = XCBuildConfiguration;
			buildSettings = {
				ASSETCATALOG_COMPILER_APPICON_NAME = AppIcon;
				ASSETCATALOG_COMPILER_GLOBAL_ACCENT_COLOR_NAME = AccentColor;
				CODE_SIGN_STYLE = Automatic;
				CURRENT_PROJECT_VERSION = 1;
				DEVELOPMENT_ASSET_PATHS = "\"Instapp/Preview Content\"";
				DEVELOPMENT_TEAM = KB835FKYB4;
				ENABLE_PREVIEWS = YES;
				GENERATE_INFOPLIST_FILE = YES;
				INFOPLIST_KEY_UIApplicationSceneManifest_Generation = YES;
				INFOPLIST_KEY_UIApplicationSupportsIndirectInputEvents = YES;
				INFOPLIST_KEY_UILaunchScreen_Generation = YES;
				INFOPLIST_KEY_UISupportedInterfaceOrientations_iPad = "UIInterfaceOrientationPortrait UIInterfaceOrientationPortraitUpsideDown UIInterfaceOrientationLandscapeLeft UIInterfaceOrientationLandscapeRight";
				INFOPLIST_KEY_UISupportedInterfaceOrientations_iPhone = "UIInterfaceOrientationPortrait UIInterfaceOrientationLandscapeLeft UIInterfaceOrientationLandscapeRight";
				LD_RUNPATH_SEARCH_PATHS = (
					"$(inherited)",
					"@executable_path/Frameworks",
				);
				MARKETING_VERSION = 1.0;
				PRODUCT_BUNDLE_IDENTIFIER = com.csaba.turdesan.Instapp;
				PRODUCT_NAME = "$(TARGET_NAME)";
				SWIFT_EMIT_LOC_STRINGS = YES;
				SWIFT_VERSION = 5.0;
				TARGETED_DEVICE_FAMILY = "1,2";
			};
			name = Release;
		};
		9880DCEB2D7F619B00386C56 /* Debug */ = {
			isa = XCBuildConfiguration;
			buildSettings = {
				BUNDLE_LOADER = "$(TEST_HOST)";
				CODE_SIGN_STYLE = Automatic;
				CURRENT_PROJECT_VERSION = 1;
				DEVELOPMENT_TEAM = KB835FKYB4;
				GENERATE_INFOPLIST_FILE = YES;
				IPHONEOS_DEPLOYMENT_TARGET = 18.2;
				MARKETING_VERSION = 1.0;
				PRODUCT_BUNDLE_IDENTIFIER = com.csaba.turdesan.InstappTests;
				PRODUCT_NAME = "$(TARGET_NAME)";
				SWIFT_EMIT_LOC_STRINGS = NO;
				SWIFT_VERSION = 5.0;
				TARGETED_DEVICE_FAMILY = "1,2";
				TEST_HOST = "$(BUILT_PRODUCTS_DIR)/Instapp.app/$(BUNDLE_EXECUTABLE_FOLDER_PATH)/Instapp";
			};
			name = Debug;
		};
		9880DCEC2D7F619B00386C56 /* Release */ = {
			isa = XCBuildConfiguration;
			buildSettings = {
				BUNDLE_LOADER = "$(TEST_HOST)";
				CODE_SIGN_STYLE = Automatic;
				CURRENT_PROJECT_VERSION = 1;
				DEVELOPMENT_TEAM = KB835FKYB4;
				GENERATE_INFOPLIST_FILE = YES;
				IPHONEOS_DEPLOYMENT_TARGET = 18.2;
				MARKETING_VERSION = 1.0;
				PRODUCT_BUNDLE_IDENTIFIER = com.csaba.turdesan.InstappTests;
				PRODUCT_NAME = "$(TARGET_NAME)";
				SWIFT_EMIT_LOC_STRINGS = NO;
				SWIFT_VERSION = 5.0;
				TARGETED_DEVICE_FAMILY = "1,2";
				TEST_HOST = "$(BUILT_PRODUCTS_DIR)/Instapp.app/$(BUNDLE_EXECUTABLE_FOLDER_PATH)/Instapp";
			};
			name = Release;
		};
		9880DCEE2D7F619B00386C56 /* Debug */ = {
			isa = XCBuildConfiguration;
			buildSettings = {
				CODE_SIGN_STYLE = Automatic;
				CURRENT_PROJECT_VERSION = 1;
				DEVELOPMENT_TEAM = KB835FKYB4;
				GENERATE_INFOPLIST_FILE = YES;
				MARKETING_VERSION = 1.0;
				PRODUCT_BUNDLE_IDENTIFIER = com.csaba.turdesan.InstappUITests;
				PRODUCT_NAME = "$(TARGET_NAME)";
				SWIFT_EMIT_LOC_STRINGS = NO;
				SWIFT_VERSION = 5.0;
				TARGETED_DEVICE_FAMILY = "1,2";
				TEST_TARGET_NAME = Instapp;
			};
			name = Debug;
		};
		9880DCEF2D7F619B00386C56 /* Release */ = {
			isa = XCBuildConfiguration;
			buildSettings = {
				CODE_SIGN_STYLE = Automatic;
				CURRENT_PROJECT_VERSION = 1;
				DEVELOPMENT_TEAM = KB835FKYB4;
				GENERATE_INFOPLIST_FILE = YES;
				MARKETING_VERSION = 1.0;
				PRODUCT_BUNDLE_IDENTIFIER = com.csaba.turdesan.InstappUITests;
				PRODUCT_NAME = "$(TARGET_NAME)";
				SWIFT_EMIT_LOC_STRINGS = NO;
				SWIFT_VERSION = 5.0;
				TARGETED_DEVICE_FAMILY = "1,2";
				TEST_TARGET_NAME = Instapp;
			};
			name = Release;
		};
/* End XCBuildConfiguration section */

/* Begin XCConfigurationList section */
		9880DCBE2D7F619900386C56 /* Build configuration list for PBXProject "Instapp" */ = {
			isa = XCConfigurationList;
			buildConfigurations = (
				9880DCE52D7F619B00386C56 /* Debug */,
				9880DCE62D7F619B00386C56 /* Release */,
			);
			defaultConfigurationIsVisible = 0;
			defaultConfigurationName = Release;
		};
		9880DCE72D7F619B00386C56 /* Build configuration list for PBXNativeTarget "Instapp" */ = {
			isa = XCConfigurationList;
			buildConfigurations = (
				9880DCE82D7F619B00386C56 /* Debug */,
				9880DCE92D7F619B00386C56 /* Release */,
			);
			defaultConfigurationIsVisible = 0;
			defaultConfigurationName = Release;
		};
		9880DCEA2D7F619B00386C56 /* Build configuration list for PBXNativeTarget "InstappTests" */ = {
			isa = XCConfigurationList;
			buildConfigurations = (
				9880DCEB2D7F619B00386C56 /* Debug */,
				9880DCEC2D7F619B00386C56 /* Release */,
			);
			defaultConfigurationIsVisible = 0;
			defaultConfigurationName = Release;
		};
		9880DCED2D7F619B00386C56 /* Build configuration list for PBXNativeTarget "InstappUITests" */ = {
			isa = XCConfigurationList;
			buildConfigurations = (
				9880DCEE2D7F619B00386C56 /* Debug */,
				9880DCEF2D7F619B00386C56 /* Release */,
			);
			defaultConfigurationIsVisible = 0;
			defaultConfigurationName = Release;
		};
/* End XCConfigurationList section */

/* Begin XCRemoteSwiftPackageReference section */
		98C68DF22D93F2C7002C781A /* XCRemoteSwiftPackageReference "SwiftUIX" */ = {
			isa = XCRemoteSwiftPackageReference;
			repositoryURL = "https://github.com/SwiftUIX/SwiftUIX";
			requirement = {
				kind = upToNextMajorVersion;
				minimumVersion = 0.2.3;
			};
		};
/* End XCRemoteSwiftPackageReference section */

/* Begin XCSwiftPackageProductDependency section */
		98C68DF32D93F2C7002C781A /* SwiftUIX */ = {
			isa = XCSwiftPackageProductDependency;
			package = 98C68DF22D93F2C7002C781A /* XCRemoteSwiftPackageReference "SwiftUIX" */;
			productName = SwiftUIX;
		};
/* End XCSwiftPackageProductDependency section */
	};
	rootObject = 9880DCBB2D7F619900386C56 /* Project object */;
}
