{
  "originHash" : "cf0248d6f383f9645d229aa0b66c60eca29a3f269ef0ffd3124e7657fe7f7991",
  "pins" : [
    {
      "identity" : "anchoredpopup",
      "kind" : "remoteSourceControl",
      "location" : "https://github.com/exyte/AnchoredPopup.git",
      "state" : {
        "revision" : "29fd1404c093cda93d949763ee711d1a892069ea",
        "version" : "1.0.5"
      }
    },
    {
      "identity" : "mediapicker",
      "kind" : "remoteSourceControl",
      "location" : "https://github.com/exyte/mediapicker",
      "state" : {
        "revision" : "7067c34b6460890bdeb43ba1ab01faf901860b3e",
        "version" : "3.1.2"
      }
    },
    {
      "identity" : "swiftui-image-viewer",
      "kind" : "remoteSourceControl",
      "location" : "https://github.com/Jake-Short/swiftui-image-viewer",
      "state" : {
        "revision" : "f61f298c0100c81dfb0c7908091e68aad12a892c",
        "version" : "2.3.1"
      }
    },
    {
      "identity" : "swiftuix",
      "kind" : "remoteSourceControl",
      "location" : "https://github.com/SwiftUIX/SwiftUIX",
      "state" : {
        "revision" : "e984fd2e08140ad5a95d084be38fe02b774bc15d",
        "version" : "0.2.3"
      }
    },
    {
      "identity" : "url-image",
      "kind" : "remoteSourceControl",
      "location" : "https://github.com/dmytro-anokhin/url-image.git",
      "state" : {
        "revision" : "ccab89ad1cedb04f25dd4df1776dd8c8583b914a",
        "version" : "2.2.5"
      }
    }
  ],
  "version" : 3
}
