{
  "originHash" : "0ba5644e2a1972da70622b71980302c495edda3be0c77d5aafaba36f6fc5d6c6",
  "pins" : [
    {
      "identity" : "anchoredpopup",
      "kind" : "remoteSourceControl",
      "location" : "https://github.com/exyte/AnchoredPopup.git",
      "state" : {
        "revision" : "29fd1404c093cda93d949763ee711d1a892069ea",
        "version" : "1.0.5"
      }
    },
    {
      "identity" : "mediapicker",
      "kind" : "remoteSourceControl",
      "location" : "https://github.com/exyte/mediapicker",
      "state" : {
        "revision" : "7067c34b6460890bdeb43ba1ab01faf901860b3e",
        "version" : "3.1.2"
      }
    },
    {
      "identity" : "swiftuix",
      "kind" : "remoteSourceControl",
      "location" : "https://github.com/SwiftUIX/SwiftUIX",
      "state" : {
        "revision" : "e984fd2e08140ad5a95d084be38fe02b774bc15d",
        "version" : "0.2.3"
      }
    }
  ],
  "version" : 3
}
